github.com/BurntSushi/toml v1.6.0 h1:dRaEfpa2VI55EwlIW72hMRHdWouJeRF7TPYhI+AUQjk=
github.com/BurntSushi/toml v1.6.0/go.mod h1:ukJfTF/6rtPPRCnwkur4qwRxa8vTRFBF0uk2lLoLwho=
github.com/hashicorp/golang-lru/v2 v2.0.7 h1:a+bsQ5rvGLjzHuww6tVxozPZFVghXaHOwFs4luLUK2k=
github.com/hashicorp/golang-lru/v2 v2.0.7/go.mod h1:QeFd9opnmA6QUJc5vARoKUSoFhyfM2/ZepoAG6RGpeM=
github.com/rbaliyan/config v0.4.3 h1:JEwVXhBlqe4vrb22Np/uPuxfDGgNuFGbkWpqOoiuMvE=
github.com/rbaliyan/config v0.4.3/go.mod h1:hLoDY4DAL+fqSn+icM7jkoL5yNSrnXnhjefLYJtyieM=
github.com/rbaliyan/config-crypto v0.2.1 h1:+CGHFT4QD5tZjktms5XzNChWri55SbbALyoUPS5My/Q=
github.com/rbaliyan/config-crypto v0.2.1/go.mod h1:XgNXRX2rVvh3HX3z9TYPPaFebje++ln5ONQcPmW2FR8=
gopkg.in/yaml.v3 v3.0.1 h1:fxVm/GzAzEWqLHuvctI91KS9hhNmmWOoWu0XTYJS7CA=
gopkg.in/yaml.v3 v3.0.1/go.mod h1:K4uyk7z7BCEPqu6E+C64Yfv1cQ7kz7rIZviUmN+EgEM=
